
Microsoft Visual Studio Solution File, Format Version 12.00
# Visual Studio Version 17
VisualStudioVersion = 17.2.32516.85
MinimumVisualStudioVersion = 10.0.40219.1
Project("{FAE04EC0-301F-11D3-BF4B-00C04F79EFBC}") = "Entities", "Entities\Entities.csproj", "{753FEFEB-C481-4D0D-B6A2-5AEC2E1B5BD6}"
EndProject
Global
	GlobalSection(SolutionConfigurationPlatforms) = preSolution
		Debug|Any CPU = Debug|Any CPU
		Release|Any CPU = Release|Any CPU
	EndGlobalSection
	GlobalSection(ProjectConfigurationPlatforms) = postSolution
		{753FEFEB-C481-4D0D-B6A2-5AEC2E1B5BD6}.Debug|Any CPU.ActiveCfg = Debug|Any CPU
		{753FEFEB-C481-4D0D-B6A2-5AEC2E1B5BD6}.Debug|Any CPU.Build.0 = Debug|Any CPU
		{753FEFEB-C481-4D0D-B6A2-5AEC2E1B5BD6}.Release|Any CPU.ActiveCfg = Release|Any CPU
		{753FEFEB-C481-4D0D-B6A2-5AEC2E1B5BD6}.Release|Any CPU.Build.0 = Release|Any CPU
	EndGlobalSection
	GlobalSection(SolutionProperties) = preSolution
		HideSolutionNode = FALSE
	EndGlobalSection
	GlobalSection(ExtensibilityGlobals) = postSolution
		SolutionGuid = {36AA1D15-CFF1-4009-94AF-E49D8B1462FE}
	EndGlobalSection
EndGlobal
